[tools.buf]
version = "1.55.1"
backend = "aqua:bufbuild/buf"

[tools.go]
version = "1.23.11"
backend = "core:go"

[tools.go.platforms.macos-arm64]
checksum = "sha256:d3c2c69a79eb3e2a06e5d8bbca692c9166b27421f7251ccbafcada0ba35a05ee"
size = 71665541
url = "https://dl.google.com/go/go1.23.11.darwin-arm64.tar.gz"

[tools."go:github.com/bufbuild/buf/cmd/protoc-gen-buf-breaking"]
version = "1.55.1"
backend = "go:github.com/bufbuild/buf/cmd/protoc-gen-buf-breaking"

[tools."go:github.com/bufbuild/buf/cmd/protoc-gen-buf-lint"]
version = "1.55.1"
backend = "go:github.com/bufbuild/buf/cmd/protoc-gen-buf-lint"

[tools."go:github.com/edaniels/golinters/cmd/combined"]
version = "0.0.5"
backend = "go:github.com/edaniels/golinters/cmd/combined"

[tools."go:github.com/grpc-ecosystem/grpc-gateway/v2/protoc-gen-grpc-gateway"]
version = "2.20.0"
backend = "go:github.com/grpc-ecosystem/grpc-gateway/v2/protoc-gen-grpc-gateway"

[tools."go:github.com/grpc-ecosystem/grpc-gateway/v2/protoc-gen-openapiv2"]
version = "2.27.1"
backend = "go:github.com/grpc-ecosystem/grpc-gateway/v2/protoc-gen-openapiv2"

[tools."go:github.com/pseudomuto/protoc-gen-doc/cmd/protoc-gen-doc"]
version = "1.5.1"
backend = "go:github.com/pseudomuto/protoc-gen-doc/cmd/protoc-gen-doc"

[tools."go:github.com/srikrsna/protoc-gen-gotag"]
version = "1.0.2"
backend = "go:github.com/srikrsna/protoc-gen-gotag"

[tools."go:google.golang.org/grpc/cmd/protoc-gen-go-grpc"]
version = "1.2.0"
backend = "go:google.golang.org/grpc/cmd/protoc-gen-go-grpc"

[tools.golangci-lint]
version = "1.61.0"
backend = "aqua:golangci/golangci-lint"

[tools.node]
version = "22.17.1"
backend = "core:node"

[tools."npm:ts-protoc-gen"]
version = "0.15.0"
backend = "npm:ts-protoc-gen"

[tools.protobuf]
version = "3.20.2"
backend = "aqua:protocolbuffers/protobuf/protoc"

[tools.protoc-gen-go]
version = "1.35.1"
backend = "aqua:protocolbuffers/protobuf-go/protoc-gen-go"

[tools.protoc-gen-grpc-web]
version = "1.5.0"
backend = "asdf:protoc-gen-grpc-web"
